
Microsoft Visual Studio Solution File, Format Version 12.00
# Visual Studio Version 16
VisualStudioVersion = 16.0.31105.61
MinimumVisualStudioVersion = 10.0.40219.1
Project("{FAE04EC0-301F-11D3-BF4B-00C04F79EFBC}") = "Projet Sicily", "Projet Sicily\Projet Sicily.csproj", "{B24BF8E4-5B54-4F3B-B50E-0D5AF0F74747}"
EndProject
Global
	GlobalSection(SolutionConfigurationPlatforms) = preSolution
		Debug|Any CPU = Debug|Any CPU
		Release|Any CPU = Release|Any CPU
	EndGlobalSection
	GlobalSection(ProjectConfigurationPlatforms) = postSolution
		{B24BF8E4-5B54-4F3B-B50E-0D5AF0F74747}.Debug|Any CPU.ActiveCfg = Debug|Any CPU
		{B24BF8E4-5B54-4F3B-B50E-0D5AF0F74747}.Debug|Any CPU.Build.0 = Debug|Any CPU
		{B24BF8E4-5B54-4F3B-B50E-0D5AF0F74747}.Release|Any CPU.ActiveCfg = Release|Any CPU
		{B24BF8E4-5B54-4F3B-B50E-0D5AF0F74747}.Release|Any CPU.Build.0 = Release|Any CPU
	EndGlobalSection
	GlobalSection(SolutionProperties) = preSolution
		HideSolutionNode = FALSE
	EndGlobalSection
	GlobalSection(ExtensibilityGlobals) = postSolution
		SolutionGuid = {3D9D672B-3B66-422B-A608-28AD02887E34}
	EndGlobalSection
EndGlobal
